
Microsoft Visual Studio Solution File, Format Version 12.00
# Visual Studio Version 17
VisualStudioVersion = 17.4.33205.214
MinimumVisualStudioVersion = 10.0.40219.1
Project("{FAE04EC0-301F-11D3-BF4B-00C04F79EFBC}") = "infinite proto terrain exporter", "infinite proto terrain exporter.csproj", "{2FD9E855-A869-4DB5-8DB2-53ED7416E285}"
EndProject
Project("{FAE04EC0-301F-11D3-BF4B-00C04F79EFBC}") = "OodleSharp", "..\OddleSharp\OodleSharp\OodleSharp.csproj", "{38918299-B8E1-4F96-88F1-DB89A9C3BE5A}"
EndProject
Project("{9A19103F-16F7-4668-BE54-9A1E7A4F7556}") = "TagFramework", "..\TagFramework\TagFramework.csproj", "{761033E8-9B2D-4243-86C9-6D69CA66F02B}"
EndProject
Global
	GlobalSection(SolutionConfigurationPlatforms) = preSolution
		Debug|Any CPU = Debug|Any CPU
		Debug|x64 = Debug|x64
		Release|Any CPU = Release|Any CPU
		Release|x64 = Release|x64
	EndGlobalSection
	GlobalSection(ProjectConfigurationPlatforms) = postSolution
		{2FD9E855-A869-4DB5-8DB2-53ED7416E285}.Debug|Any CPU.ActiveCfg = Debug|Any CPU
		{2FD9E855-A869-4DB5-8DB2-53ED7416E285}.Debug|Any CPU.Build.0 = Debug|Any CPU
		{2FD9E855-A869-4DB5-8DB2-53ED7416E285}.Debug|x64.ActiveCfg = Debug|Any CPU
		{2FD9E855-A869-4DB5-8DB2-53ED7416E285}.Debug|x64.Build.0 = Debug|Any CPU
		{2FD9E855-A869-4DB5-8DB2-53ED7416E285}.Release|Any CPU.ActiveCfg = Release|Any CPU
		{2FD9E855-A869-4DB5-8DB2-53ED7416E285}.Release|Any CPU.Build.0 = Release|Any CPU
		{2FD9E855-A869-4DB5-8DB2-53ED7416E285}.Release|x64.ActiveCfg = Release|Any CPU
		{2FD9E855-A869-4DB5-8DB2-53ED7416E285}.Release|x64.Build.0 = Release|Any CPU
		{38918299-B8E1-4F96-88F1-DB89A9C3BE5A}.Debug|Any CPU.ActiveCfg = Debug|Any CPU
		{38918299-B8E1-4F96-88F1-DB89A9C3BE5A}.Debug|Any CPU.Build.0 = Debug|Any CPU
		{38918299-B8E1-4F96-88F1-DB89A9C3BE5A}.Debug|x64.ActiveCfg = Debug|x64
		{38918299-B8E1-4F96-88F1-DB89A9C3BE5A}.Debug|x64.Build.0 = Debug|x64
		{38918299-B8E1-4F96-88F1-DB89A9C3BE5A}.Release|Any CPU.ActiveCfg = Release|Any CPU
		{38918299-B8E1-4F96-88F1-DB89A9C3BE5A}.Release|Any CPU.Build.0 = Release|Any CPU
		{38918299-B8E1-4F96-88F1-DB89A9C3BE5A}.Release|x64.ActiveCfg = Release|x64
		{38918299-B8E1-4F96-88F1-DB89A9C3BE5A}.Release|x64.Build.0 = Release|x64
		{761033E8-9B2D-4243-86C9-6D69CA66F02B}.Debug|Any CPU.ActiveCfg = Debug|Any CPU
		{761033E8-9B2D-4243-86C9-6D69CA66F02B}.Debug|Any CPU.Build.0 = Debug|Any CPU
		{761033E8-9B2D-4243-86C9-6D69CA66F02B}.Debug|x64.ActiveCfg = Debug|Any CPU
		{761033E8-9B2D-4243-86C9-6D69CA66F02B}.Debug|x64.Build.0 = Debug|Any CPU
		{761033E8-9B2D-4243-86C9-6D69CA66F02B}.Release|Any CPU.ActiveCfg = Release|Any CPU
		{761033E8-9B2D-4243-86C9-6D69CA66F02B}.Release|Any CPU.Build.0 = Release|Any CPU
		{761033E8-9B2D-4243-86C9-6D69CA66F02B}.Release|x64.ActiveCfg = Release|Any CPU
		{761033E8-9B2D-4243-86C9-6D69CA66F02B}.Release|x64.Build.0 = Release|Any CPU
	EndGlobalSection
	GlobalSection(SolutionProperties) = preSolution
		HideSolutionNode = FALSE
	EndGlobalSection
	GlobalSection(ExtensibilityGlobals) = postSolution
		SolutionGuid = {43CC2388-3541-4B9B-95BC-3A702080447C}
	EndGlobalSection
EndGlobal
